
Microsoft Visual Studio Solution File, Format Version 12.00
# Visual Studio 15
VisualStudioVersion = 15.0.28010.2048
MinimumVisualStudioVersion = 10.0.40219.1
Project("{FAE04EC0-301F-11D3-BF4B-00C04F79EFBC}") = "MonoMVCWAPI", "MonoMVCWAPI\MonoMVCWAPI.csproj", "{73558BE0-6FA2-48C5-84D1-FC5478219378}"
EndProject
Project("{FAE04EC0-301F-11D3-BF4B-00C04F79EFBC}") = "MonoMVCWAPI.Tests", "MonoMVCWAPI.Tests\MonoMVCWAPI.Tests.csproj", "{92B0F0F2-AE03-4BF4-AFB3-D2C1D9764AE6}"
EndProject
Global
	GlobalSection(SolutionConfigurationPlatforms) = preSolution
		Debug|Any CPU = Debug|Any CPU
		Release|Any CPU = Release|Any CPU
	EndGlobalSection
	GlobalSection(ProjectConfigurationPlatforms) = postSolution
		{73558BE0-6FA2-48C5-84D1-FC5478219378}.Debug|Any CPU.ActiveCfg = Debug|Any CPU
		{73558BE0-6FA2-48C5-84D1-FC5478219378}.Debug|Any CPU.Build.0 = Debug|Any CPU
		{73558BE0-6FA2-48C5-84D1-FC5478219378}.Release|Any CPU.ActiveCfg = Release|Any CPU
		{73558BE0-6FA2-48C5-84D1-FC5478219378}.Release|Any CPU.Build.0 = Release|Any CPU
		{92B0F0F2-AE03-4BF4-AFB3-D2C1D9764AE6}.Debug|Any CPU.ActiveCfg = Debug|Any CPU
		{92B0F0F2-AE03-4BF4-AFB3-D2C1D9764AE6}.Debug|Any CPU.Build.0 = Debug|Any CPU
		{92B0F0F2-AE03-4BF4-AFB3-D2C1D9764AE6}.Release|Any CPU.ActiveCfg = Release|Any CPU
		{92B0F0F2-AE03-4BF4-AFB3-D2C1D9764AE6}.Release|Any CPU.Build.0 = Release|Any CPU
	EndGlobalSection
	GlobalSection(SolutionProperties) = preSolution
		HideSolutionNode = FALSE
	EndGlobalSection
	GlobalSection(ExtensibilityGlobals) = postSolution
		SolutionGuid = {DB2C612C-1848-4094-BE44-20F0E1FC8B6C}
	EndGlobalSection
EndGlobal
